
Microsoft Visual Studio Solution File, Format Version 12.00
# Visual Studio Version 17
VisualStudioVersion = 17.11.35219.272
MinimumVisualStudioVersion = 10.0.40219.1
Project("{9A19103F-16F7-4668-BE54-9A1E7A4F7556}") = "Ejemplo", "Ejemplo\Ejemplo.csproj", "{3F05BD1B-8ADA-4BC0-AE16-6660DAFEC9FC}"
EndProject
Global
	GlobalSection(SolutionConfigurationPlatforms) = preSolution
		Debug|Any CPU = Debug|Any CPU
		Release|Any CPU = Release|Any CPU
	EndGlobalSection
	GlobalSection(ProjectConfigurationPlatforms) = postSolution
		{3F05BD1B-8ADA-4BC0-AE16-6660DAFEC9FC}.Debug|Any CPU.ActiveCfg = Debug|Any CPU
		{3F05BD1B-8ADA-4BC0-AE16-6660DAFEC9FC}.Debug|Any CPU.Build.0 = Debug|Any CPU
		{3F05BD1B-8ADA-4BC0-AE16-6660DAFEC9FC}.Release|Any CPU.ActiveCfg = Release|Any CPU
		{3F05BD1B-8ADA-4BC0-AE16-6660DAFEC9FC}.Release|Any CPU.Build.0 = Release|Any CPU
	EndGlobalSection
	GlobalSection(SolutionProperties) = preSolution
		HideSolutionNode = FALSE
	EndGlobalSection
	GlobalSection(ExtensibilityGlobals) = postSolution
		SolutionGuid = {ED0F6A0D-A962-45E3-B11E-0608E42AAFCA}
	EndGlobalSection
EndGlobal
